
Microsoft Visual Studio Solution File, Format Version 12.00
# Visual Studio 14
VisualStudioVersion = 14.0.24720.0
MinimumVisualStudioVersion = 10.0.40219.1
Project("{FAE04EC0-301F-11D3-BF4B-00C04F79EFBC}") = "PersonApplication", "PersonApplication\PersonApplication.csproj", "{8857B82D-C899-4191-B732-0EC04D8C028B}"
EndProject
Project("{FAE04EC0-301F-11D3-BF4B-00C04F79EFBC}") = "T2", "T2\T2.csproj", "{767F87F8-D389-419A-AB89-798743F41575}"
EndProject
Global
	GlobalSection(SolutionConfigurationPlatforms) = preSolution
		Debug|Any CPU = Debug|Any CPU
		Release|Any CPU = Release|Any CPU
	EndGlobalSection
	GlobalSection(ProjectConfigurationPlatforms) = postSolution
		{8857B82D-C899-4191-B732-0EC04D8C028B}.Debug|Any CPU.ActiveCfg = Debug|Any CPU
		{8857B82D-C899-4191-B732-0EC04D8C028B}.Debug|Any CPU.Build.0 = Debug|Any CPU
		{8857B82D-C899-4191-B732-0EC04D8C028B}.Release|Any CPU.ActiveCfg = Release|Any CPU
		{8857B82D-C899-4191-B732-0EC04D8C028B}.Release|Any CPU.Build.0 = Release|Any CPU
		{767F87F8-D389-419A-AB89-798743F41575}.Debug|Any CPU.ActiveCfg = Debug|Any CPU
		{767F87F8-D389-419A-AB89-798743F41575}.Debug|Any CPU.Build.0 = Debug|Any CPU
		{767F87F8-D389-419A-AB89-798743F41575}.Release|Any CPU.ActiveCfg = Release|Any CPU
		{767F87F8-D389-419A-AB89-798743F41575}.Release|Any CPU.Build.0 = Release|Any CPU
	EndGlobalSection
	GlobalSection(SolutionProperties) = preSolution
		HideSolutionNode = FALSE
	EndGlobalSection
EndGlobal
